
Microsoft Visual Studio Solution File, Format Version 12.00
# Visual Studio 15
VisualStudioVersion = 15.0.26730.16
MinimumVisualStudioVersion = 10.0.40219.1
Project("{FAE04EC0-301F-11D3-BF4B-00C04F79EFBC}") = "SNWL_Planningsysteem", "SNWL_Planningsysteem\SNWL_Planningsysteem.csproj", "{C8D2F4E7-2A39-4765-8474-D49399C129A6}"
EndProject
Global
	GlobalSection(SolutionConfigurationPlatforms) = preSolution
		Debug|Any CPU = Debug|Any CPU
		Release|Any CPU = Release|Any CPU
	EndGlobalSection
	GlobalSection(ProjectConfigurationPlatforms) = postSolution
		{C8D2F4E7-2A39-4765-8474-D49399C129A6}.Debug|Any CPU.ActiveCfg = Debug|Any CPU
		{C8D2F4E7-2A39-4765-8474-D49399C129A6}.Debug|Any CPU.Build.0 = Debug|Any CPU
		{C8D2F4E7-2A39-4765-8474-D49399C129A6}.Release|Any CPU.ActiveCfg = Release|Any CPU
		{C8D2F4E7-2A39-4765-8474-D49399C129A6}.Release|Any CPU.Build.0 = Release|Any CPU
	EndGlobalSection
	GlobalSection(SolutionProperties) = preSolution
		HideSolutionNode = FALSE
	EndGlobalSection
	GlobalSection(ExtensibilityGlobals) = postSolution
		SolutionGuid = {801EB9E4-4321-487E-9B41-A7993D486828}
	EndGlobalSection
EndGlobal
